
Microsoft Visual Studio Solution File, Format Version 12.00
# Visual Studio Version 16
VisualStudioVersion = 16.0.29709.97
MinimumVisualStudioVersion = 10.0.40219.1
Project("{FAE04EC0-301F-11D3-BF4B-00C04F79EFBC}") = "Piatek", "Piatek.csproj", "{F8100948-8B9A-45C8-B64E-84019B5DEE40}"
EndProject
Global
	GlobalSection(SolutionConfigurationPlatforms) = preSolution
		Debug|Any CPU = Debug|Any CPU
		Release|Any CPU = Release|Any CPU
	EndGlobalSection
	GlobalSection(ProjectConfigurationPlatforms) = postSolution
		{F8100948-8B9A-45C8-B64E-84019B5DEE40}.Debug|Any CPU.ActiveCfg = Debug|Any CPU
		{F8100948-8B9A-45C8-B64E-84019B5DEE40}.Debug|Any CPU.Build.0 = Debug|Any CPU
		{F8100948-8B9A-45C8-B64E-84019B5DEE40}.Release|Any CPU.ActiveCfg = Release|Any CPU
		{F8100948-8B9A-45C8-B64E-84019B5DEE40}.Release|Any CPU.Build.0 = Release|Any CPU
	EndGlobalSection
	GlobalSection(SolutionProperties) = preSolution
		HideSolutionNode = FALSE
	EndGlobalSection
	GlobalSection(ExtensibilityGlobals) = postSolution
		SolutionGuid = {ABF8239A-720A-4072-85D9-F52E10CD40E4}
	EndGlobalSection
EndGlobal
